// !$*UTF8*$!
{
	archiveVersion = 1;
	classes = {
	};
	objectVersion = 50;
	objects = {

/* Begin PBXBuildFile section */
		A0045F1F20D93E8300459B7F /* ArrangedTableViewController.swift in Sources */ = {isa = PBXBuildFile; fileRef = A0045F1E20D93E8300459B7F /* ArrangedTableViewController.swift */; };
		A0045F2120D93F6F00459B7F /* todo.swift in Sources */ = {isa = PBXBuildFile; fileRef = A0045F2020D93F6F00459B7F /* todo.swift */; };
		A0045F2320D9440800459B7F /* MainListTableViewController.swift in Sources */ = {isa = PBXBuildFile; fileRef = A0045F2220D9440800459B7F /* MainListTableViewController.swift */; };
		A0045F2520D946C200459B7F /* SettingsTableViewController.swift in Sources */ = {isa = PBXBuildFile; fileRef = A0045F2420D946C200459B7F /* SettingsTableViewController.swift */; };
		A0045F2920D954B500459B7F /* AboutViewController.swift in Sources */ = {isa = PBXBuildFile; fileRef = A0045F2820D954B500459B7F /* AboutViewController.swift */; };
		A0045F2B20D954DE00459B7F /* FeatureViewController.swift in Sources */ = {isa = PBXBuildFile; fileRef = A0045F2A20D954DE00459B7F /* FeatureViewController.swift */; };
		A0045F2D20D9550400459B7F /* SouceCodeViewController.swift in Sources */ = {isa = PBXBuildFile; fileRef = A0045F2C20D9550400459B7F /* SouceCodeViewController.swift */; };
		A0045F2F20D9550B00459B7F /* HelpViewController.swift in Sources */ = {isa = PBXBuildFile; fileRef = A0045F2E20D9550B00459B7F /* HelpViewController.swift */; };
		A0045F3120D9551700459B7F /* ContactViewController.swift in Sources */ = {isa = PBXBuildFile; fileRef = A0045F3020D9551700459B7F /* ContactViewController.swift */; };
		A03209F720D8F9FF00133ACB /* AppDelegate.swift in Sources */ = {isa = PBXBuildFile; fileRef = A03209F620D8F9FF00133ACB /* AppDelegate.swift */; };
		A03209F920D8F9FF00133ACB /* ViewController.swift in Sources */ = {isa = PBXBuildFile; fileRef = A03209F820D8F9FF00133ACB /* ViewController.swift */; };
		A03209FC20D8F9FF00133ACB /* Main.storyboard in Resources */ = {isa = PBXBuildFile; fileRef = A03209FA20D8F9FF00133ACB /* Main.storyboard */; };
		A03209FE20D8FA0000133ACB /* Assets.xcassets in Resources */ = {isa = PBXBuildFile; fileRef = A03209FD20D8FA0000133ACB /* Assets.xcassets */; };
		A0320A0120D8FA0000133ACB /* LaunchScreen.storyboard in Resources */ = {isa = PBXBuildFile; fileRef = A03209FF20D8FA0000133ACB /* LaunchScreen.storyboard */; };
/* End PBXBuildFile section */

/* Begin PBXFileReference section */
		A0045F1E20D93E8300459B7F /* ArrangedTableViewController.swift */ = {isa = PBXFileReference; lastKnownFileType = sourcecode.swift; path = ArrangedTableViewController.swift; sourceTree = "<group>"; };
		A0045F2020D93F6F00459B7F /* todo.swift */ = {isa = PBXFileReference; lastKnownFileType = sourcecode.swift; path = todo.swift; sourceTree = "<group>"; };
		A0045F2220D9440800459B7F /* MainListTableViewController.swift */ = {isa = PBXFileReference; lastKnownFileType = sourcecode.swift; path = MainListTableViewController.swift; sourceTree = "<group>"; };
		A0045F2420D946C200459B7F /* SettingsTableViewController.swift */ = {isa = PBXFileReference; lastKnownFileType = sourcecode.swift; path = SettingsTableViewController.swift; sourceTree = "<group>"; };
		A0045F2820D954B500459B7F /* AboutViewController.swift */ = {isa = PBXFileReference; lastKnownFileType = sourcecode.swift; path = AboutViewController.swift; sourceTree = "<group>"; };
		A0045F2A20D954DE00459B7F /* FeatureViewController.swift */ = {isa = PBXFileReference; lastKnownFileType = sourcecode.swift; path = FeatureViewController.swift; sourceTree = "<group>"; };
		A0045F2C20D9550400459B7F /* SouceCodeViewController.swift */ = {isa = PBXFileReference; lastKnownFileType = sourcecode.swift; path = SouceCodeViewController.swift; sourceTree = "<group>"; };
		A0045F2E20D9550B00459B7F /* HelpViewController.swift */ = {isa = PBXFileReference; lastKnownFileType = sourcecode.swift; path = HelpViewController.swift; sourceTree = "<group>"; };
		A0045F3020D9551700459B7F /* ContactViewController.swift */ = {isa = PBXFileReference; lastKnownFileType = sourcecode.swift; path = ContactViewController.swift; sourceTree = "<group>"; };
		A03209F320D8F9FF00133ACB /* Todolist.app */ = {isa = PBXFileReference; explicitFileType = wrapper.application; includeInIndex = 0; path = Todolist.app; sourceTree = BUILT_PRODUCTS_DIR; };
		A03209F620D8F9FF00133ACB /* AppDelegate.swift */ = {isa = PBXFileReference; lastKnownFileType = sourcecode.swift; path = AppDelegate.swift; sourceTree = "<group>"; };
		A03209F820D8F9FF00133ACB /* ViewController.swift */ = {isa = PBXFileReference; lastKnownFileType = sourcecode.swift; path = ViewController.swift; sourceTree = "<group>"; };
		A03209FB20D8F9FF00133ACB /* Base */ = {isa = PBXFileReference; lastKnownFileType = file.storyboard; name = Base; path = Base.lproj/Main.storyboard; sourceTree = "<group>"; };
		A03209FD20D8FA0000133ACB /* Assets.xcassets */ = {isa = PBXFileReference; lastKnownFileType = folder.assetcatalog; path = Assets.xcassets; sourceTree = "<group>"; };
		A0320A0020D8FA0000133ACB /* Base */ = {isa = PBXFileReference; lastKnownFileType = file.storyboard; name = Base; path = Base.lproj/LaunchScreen.storyboard; sourceTree = "<group>"; };
		A0320A0220D8FA0000133ACB /* Info.plist */ = {isa = PBXFileReference; lastKnownFileType = text.plist.xml; path = Info.plist; sourceTree = "<group>"; };
/* End PBXFileReference section */

/* Begin PBXFrameworksBuildPhase section */
		A03209F020D8F9FF00133ACB /* Frameworks */ = {
			isa = PBXFrameworksBuildPhase;
			buildActionMask = 2147483647;
			files = (
			);
			runOnlyForDeploymentPostprocessing = 0;
		};
/* End PBXFrameworksBuildPhase section */

/* Begin PBXGroup section */
		A0045F3220D9552400459B7F /* Settings Options */ = {
			isa = PBXGroup;
			children = (
				A0045F2420D946C200459B7F /* SettingsTableViewController.swift */,
				A0045F2C20D9550400459B7F /* SouceCodeViewController.swift */,
				A0045F2E20D9550B00459B7F /* HelpViewController.swift */,
				A0045F3020D9551700459B7F /* ContactViewController.swift */,
				A0045F2A20D954DE00459B7F /* FeatureViewController.swift */,
				A0045F2820D954B500459B7F /* AboutViewController.swift */,
			);
			path = "Settings Options";
			sourceTree = "<group>";
		};
		A03209EA20D8F9FF00133ACB = {
			isa = PBXGroup;
			children = (
				A03209F520D8F9FF00133ACB /* Todolist */,
				A03209F420D8F9FF00133ACB /* Products */,
			);
			sourceTree = "<group>";
		};
		A03209F420D8F9FF00133ACB /* Products */ = {
			isa = PBXGroup;
			children = (
				A03209F320D8F9FF00133ACB /* Todolist.app */,
			);
			name = Products;
			sourceTree = "<group>";
		};
		A03209F520D8F9FF00133ACB /* Todolist */ = {
			isa = PBXGroup;
			children = (
				A03209F620D8F9FF00133ACB /* AppDelegate.swift */,
				A03209F820D8F9FF00133ACB /* ViewController.swift */,
				A03209FA20D8F9FF00133ACB /* Main.storyboard */,
				A0045F3220D9552400459B7F /* Settings Options */,
				A0045F2220D9440800459B7F /* MainListTableViewController.swift */,
				A0045F2020D93F6F00459B7F /* todo.swift */,
				A0045F1E20D93E8300459B7F /* ArrangedTableViewController.swift */,
				A03209FD20D8FA0000133ACB /* Assets.xcassets */,
				A03209FF20D8FA0000133ACB /* LaunchScreen.storyboard */,
				A0320A0220D8FA0000133ACB /* Info.plist */,
			);
			path = Todolist;
			sourceTree = "<group>";
		};
/* End PBXGroup section */

/* Begin PBXNativeTarget section */
		A03209F220D8F9FF00133ACB /* Todolist */ = {
			isa = PBXNativeTarget;
			buildConfigurationList = A0320A0520D8FA0000133ACB /* Build configuration list for PBXNativeTarget "Todolist" */;
			buildPhases = (
				A03209EF20D8F9FF00133ACB /* Sources */,
				A03209F020D8F9FF00133ACB /* Frameworks */,
				A03209F120D8F9FF00133ACB /* Resources */,
			);
			buildRules = (
			);
			dependencies = (
			);
			name = Todolist;
			productName = Todolist;
			productReference = A03209F320D8F9FF00133ACB /* Todolist.app */;
			productType = "com.apple.product-type.application";
		};
/* End PBXNativeTarget section */

/* Begin PBXProject section */
		A03209EB20D8F9FF00133ACB /* Project object */ = {
			isa = PBXProject;
			attributes = {
				LastSwiftUpdateCheck = 1000;
				LastUpgradeCheck = 1000;
				ORGANIZATIONNAME = "Rui Yang Tan";
				TargetAttributes = {
					A03209F220D8F9FF00133ACB = {
						CreatedOnToolsVersion = 10.0;
					};
				};
			};
			buildConfigurationList = A03209EE20D8F9FF00133ACB /* Build configuration list for PBXProject "Todolist" */;
			compatibilityVersion = "Xcode 9.3";
			developmentRegion = en;
			hasScannedForEncodings = 0;
			knownRegions = (
				en,
				Base,
			);
			mainGroup = A03209EA20D8F9FF00133ACB;
			productRefGroup = A03209F420D8F9FF00133ACB /* Products */;
			projectDirPath = "";
			projectRoot = "";
			targets = (
				A03209F220D8F9FF00133ACB /* Todolist */,
			);
		};
/* End PBXProject section */

/* Begin PBXResourcesBuildPhase section */
		A03209F120D8F9FF00133ACB /* Resources */ = {
			isa = PBXResourcesBuildPhase;
			buildActionMask = 2147483647;
			files = (
				A0320A0120D8FA0000133ACB /* LaunchScreen.storyboard in Resources */,
				A03209FE20D8FA0000133ACB /* Assets.xcassets in Resources */,
				A03209FC20D8F9FF00133ACB /* Main.storyboard in Resources */,
			);
			runOnlyForDeploymentPostprocessing = 0;
		};
/* End PBXResourcesBuildPhase section */

/* Begin PBXSourcesBuildPhase section */
		A03209EF20D8F9FF00133ACB /* Sources */ = {
			isa = PBXSourcesBuildPhase;
			buildActionMask = 2147483647;
			files = (
				A0045F2320D9440800459B7F /* MainListTableViewController.swift in Sources */,
				A0045F2B20D954DE00459B7F /* FeatureViewController.swift in Sources */,
				A03209F920D8F9FF00133ACB /* ViewController.swift in Sources */,
				A0045F2520D946C200459B7F /* SettingsTableViewController.swift in Sources */,
				A0045F2920D954B500459B7F /* AboutViewController.swift in Sources */,
				A03209F720D8F9FF00133ACB /* AppDelegate.swift in Sources */,
				A0045F3120D9551700459B7F /* ContactViewController.swift in Sources */,
				A0045F2D20D9550400459B7F /* SouceCodeViewController.swift in Sources */,
				A0045F1F20D93E8300459B7F /* ArrangedTableViewController.swift in Sources */,
				A0045F2120D93F6F00459B7F /* todo.swift in Sources */,
				A0045F2F20D9550B00459B7F /* HelpViewController.swift in Sources */,
			);
			runOnlyForDeploymentPostprocessing = 0;
		};
/* End PBXSourcesBuildPhase section */

/* Begin PBXVariantGroup section */
		A03209FA20D8F9FF00133ACB /* Main.storyboard */ = {
			isa = PBXVariantGroup;
			children = (
				A03209FB20D8F9FF00133ACB /* Base */,
			);
			name = Main.storyboard;
			sourceTree = "<group>";
		};
		A03209FF20D8FA0000133ACB /* LaunchScreen.storyboard */ = {
			isa = PBXVariantGroup;
			children = (
				A0320A0020D8FA0000133ACB /* Base */,
			);
			name = LaunchScreen.storyboard;
			sourceTree = "<group>";
		};
/* End PBXVariantGroup section */

/* Begin XCBuildConfiguration section */
		A0320A0320D8FA0000133ACB /* Debug */ = {
			isa = XCBuildConfiguration;
			buildSettings = {
				ALWAYS_SEARCH_USER_PATHS = NO;
				CLANG_ANALYZER_NONNULL = YES;
				CLANG_ANALYZER_NUMBER_OBJECT_CONVERSION = YES_AGGRESSIVE;
				CLANG_CXX_LANGUAGE_STANDARD = "gnu++14";
				CLANG_CXX_LIBRARY = "libc++";
				CLANG_ENABLE_MODULES = YES;
				CLANG_ENABLE_OBJC_ARC = YES;
				CLANG_ENABLE_OBJC_WEAK = YES;
				CLANG_WARN_BLOCK_CAPTURE_AUTORELEASING = YES;
				CLANG_WARN_BOOL_CONVERSION = YES;
				CLANG_WARN_COMMA = YES;
				CLANG_WARN_CONSTANT_CONVERSION = YES;
				CLANG_WARN_DEPRECATED_OBJC_IMPLEMENTATIONS = YES;
				CLANG_WARN_DIRECT_OBJC_ISA_USAGE = YES_ERROR;
				CLANG_WARN_DOCUMENTATION_COMMENTS = YES;
				CLANG_WARN_EMPTY_BODY = YES;
				CLANG_WARN_ENUM_CONVERSION = YES;
				CLANG_WARN_INFINITE_RECURSION = YES;
				CLANG_WARN_INT_CONVERSION = YES;
				CLANG_WARN_NON_LITERAL_NULL_CONVERSION = YES;
				CLANG_WARN_OBJC_IMPLICIT_RETAIN_SELF = YES;
				CLANG_WARN_OBJC_LITERAL_CONVERSION = YES;
				CLANG_WARN_OBJC_ROOT_CLASS = YES_ERROR;
				CLANG_WARN_RANGE_LOOP_ANALYSIS = YES;
				CLANG_WARN_STRICT_PROTOTYPES = YES;
				CLANG_WARN_SUSPICIOUS_MOVE = YES;
				CLANG_WARN_UNGUARDED_AVAILABILITY = YES_AGGRESSIVE;
				CLANG_WARN_UNREACHABLE_CODE = YES;
				CLANG_WARN__DUPLICATE_METHOD_MATCH = YES;
				CODE_SIGN_IDENTITY = "iPhone Developer";
				COPY_PHASE_STRIP = NO;
				DEBUG_INFORMATION_FORMAT = dwarf;
				ENABLE_STRICT_OBJC_MSGSEND = YES;
				ENABLE_TESTABILITY = YES;
				GCC_C_LANGUAGE_STANDARD = gnu11;
				GCC_DYNAMIC_NO_PIC = NO;
				GCC_NO_COMMON_BLOCKS = YES;
				GCC_OPTIMIZATION_LEVEL = 0;
				GCC_PREPROCESSOR_DEFINITIONS = (
					"DEBUG=1",
					"$(inherited)",
				);
				GCC_WARN_64_TO_32_BIT_CONVERSION = YES;
				GCC_WARN_ABOUT_RETURN_TYPE = YES_ERROR;
				GCC_WARN_UNDECLARED_SELECTOR = YES;
				GCC_WARN_UNINITIALIZED_AUTOS = YES_AGGRESSIVE;
				GCC_WARN_UNUSED_FUNCTION = YES;
				GCC_WARN_UNUSED_VARIABLE = YES;
				IPHONEOS_DEPLOYMENT_TARGET = 12.0;
				MTL_ENABLE_DEBUG_INFO = INCLUDE_SOURCE;
				ONLY_ACTIVE_ARCH = YES;
				SDKROOT = iphoneos;
				SWIFT_ACTIVE_COMPILATION_CONDITIONS = DEBUG;
				SWIFT_OPTIMIZATION_LEVEL = "-Onone";
			};
			name = Debug;
		};
		A0320A0420D8FA0000133ACB /* Release */ = {
			isa = XCBuildConfiguration;
			buildSettings = {
				ALWAYS_SEARCH_USER_PATHS = NO;
				CLANG_ANALYZER_NONNULL = YES;
				CLANG_ANALYZER_NUMBER_OBJECT_CONVERSION = YES_AGGRESSIVE;
				CLANG_CXX_LANGUAGE_STANDARD = "gnu++14";
				CLANG_CXX_LIBRARY = "libc++";
				CLANG_ENABLE_MODULES = YES;
				CLANG_ENABLE_OBJC_ARC = YES;
				CLANG_ENABLE_OBJC_WEAK = YES;
				CLANG_WARN_BLOCK_CAPTURE_AUTORELEASING = YES;
				CLANG_WARN_BOOL_CONVERSION = YES;
				CLANG_WARN_COMMA = YES;
				CLANG_WARN_CONSTANT_CONVERSION = YES;
				CLANG_WARN_DEPRECATED_OBJC_IMPLEMENTATIONS = YES;
				CLANG_WARN_DIRECT_OBJC_ISA_USAGE = YES_ERROR;
				CLANG_WARN_DOCUMENTATION_COMMENTS = YES;
				CLANG_WARN_EMPTY_BODY = YES;
				CLANG_WARN_ENUM_CONVERSION = YES;
				CLANG_WARN_INFINITE_RECURSION = YES;
				CLANG_WARN_INT_CONVERSION = YES;
				CLANG_WARN_NON_LITERAL_NULL_CONVERSION = YES;
				CLANG_WARN_OBJC_IMPLICIT_RETAIN_SELF = YES;
				CLANG_WARN_OBJC_LITERAL_CONVERSION = YES;
				CLANG_WARN_OBJC_ROOT_CLASS = YES_ERROR;
				CLANG_WARN_RANGE_LOOP_ANALYSIS = YES;
				CLANG_WARN_STRICT_PROTOTYPES = YES;
				CLANG_WARN_SUSPICIOUS_MOVE = YES;
				CLANG_WARN_UNGUARDED_AVAILABILITY = YES_AGGRESSIVE;
				CLANG_WARN_UNREACHABLE_CODE = YES;
				CLANG_WARN__DUPLICATE_METHOD_MATCH = YES;
				CODE_SIGN_IDENTITY = "iPhone Developer";
				COPY_PHASE_STRIP = NO;
				DEBUG_INFORMATION_FORMAT = "dwarf-with-dsym";
				ENABLE_NS_ASSERTIONS = NO;
				ENABLE_STRICT_OBJC_MSGSEND = YES;
				GCC_C_LANGUAGE_STANDARD = gnu11;
				GCC_NO_COMMON_BLOCKS = YES;
				GCC_WARN_64_TO_32_BIT_CONVERSION = YES;
				GCC_WARN_ABOUT_RETURN_TYPE = YES_ERROR;
				GCC_WARN_UNDECLARED_SELECTOR = YES;
				GCC_WARN_UNINITIALIZED_AUTOS = YES_AGGRESSIVE;
				GCC_WARN_UNUSED_FUNCTION = YES;
				GCC_WARN_UNUSED_VARIABLE = YES;
				IPHONEOS_DEPLOYMENT_TARGET = 12.0;
				MTL_ENABLE_DEBUG_INFO = NO;
				SDKROOT = iphoneos;
				SWIFT_COMPILATION_MODE = wholemodule;
				SWIFT_OPTIMIZATION_LEVEL = "-O";
				VALIDATE_PRODUCT = YES;
			};
			name = Release;
		};
		A0320A0620D8FA0000133ACB /* Debug */ = {
			isa = XCBuildConfiguration;
			buildSettings = {
				ASSETCATALOG_COMPILER_APPICON_NAME = AppIcon;
				CODE_SIGN_STYLE = Automatic;
				DEVELOPMENT_TEAM = ML924Q8DT5;
				INFOPLIST_FILE = Todolist/Info.plist;
				LD_RUNPATH_SEARCH_PATHS = (
					"$(inherited)",
					"@executable_path/Frameworks",
				);
				PRODUCT_BUNDLE_IDENTIFIER = com.thinkerpal.Todolist;
				PRODUCT_NAME = "$(TARGET_NAME)";
				SWIFT_VERSION = 4.2;
				TARGETED_DEVICE_FAMILY = "1,2";
			};
			name = Debug;
		};
		A0320A0720D8FA0000133ACB /* Release */ = {
			isa = XCBuildConfiguration;
			buildSettings = {
				ASSETCATALOG_COMPILER_APPICON_NAME = AppIcon;
				CODE_SIGN_STYLE = Automatic;
				DEVELOPMENT_TEAM = ML924Q8DT5;
				INFOPLIST_FILE = Todolist/Info.plist;
				LD_RUNPATH_SEARCH_PATHS = (
					"$(inherited)",
					"@executable_path/Frameworks",
				);
				PRODUCT_BUNDLE_IDENTIFIER = com.thinkerpal.Todolist;
				PRODUCT_NAME = "$(TARGET_NAME)";
				SWIFT_VERSION = 4.2;
				TARGETED_DEVICE_FAMILY = "1,2";
			};
			name = Release;
		};
/* End XCBuildConfiguration section */

/* Begin XCConfigurationList section */
		A03209EE20D8F9FF00133ACB /* Build configuration list for PBXProject "Todolist" */ = {
			isa = XCConfigurationList;
			buildConfigurations = (
				A0320A0320D8FA0000133ACB /* Debug */,
				A0320A0420D8FA0000133ACB /* Release */,
			);
			defaultConfigurationIsVisible = 0;
			defaultConfigurationName = Release;
		};
		A0320A0520D8FA0000133ACB /* Build configuration list for PBXNativeTarget "Todolist" */ = {
			isa = XCConfigurationList;
			buildConfigurations = (
				A0320A0620D8FA0000133ACB /* Debug */,
				A0320A0720D8FA0000133ACB /* Release */,
			);
			defaultConfigurationIsVisible = 0;
			defaultConfigurationName = Release;
		};
/* End XCConfigurationList section */
	};
	rootObject = A03209EB20D8F9FF00133ACB /* Project object */;
}
